
Microsoft Visual Studio Solution File, Format Version 12.00
# Visual Studio 15
VisualStudioVersion = 15.0.27130.2036
MinimumVisualStudioVersion = 10.0.40219.1
Project("{FAE04EC0-301F-11D3-BF4B-00C04F79EFBC}") = "CSAssignment1", "CSAssignment1\CSAssignment1.csproj", "{74763BF9-BD81-47B3-936B-D09220C772FD}"
EndProject
Global
	GlobalSection(SolutionConfigurationPlatforms) = preSolution
		Debug|Any CPU = Debug|Any CPU
		Release|Any CPU = Release|Any CPU
	EndGlobalSection
	GlobalSection(ProjectConfigurationPlatforms) = postSolution
		{74763BF9-BD81-47B3-936B-D09220C772FD}.Debug|Any CPU.ActiveCfg = Debug|Any CPU
		{74763BF9-BD81-47B3-936B-D09220C772FD}.Debug|Any CPU.Build.0 = Debug|Any CPU
		{74763BF9-BD81-47B3-936B-D09220C772FD}.Release|Any CPU.ActiveCfg = Release|Any CPU
		{74763BF9-BD81-47B3-936B-D09220C772FD}.Release|Any CPU.Build.0 = Release|Any CPU
	EndGlobalSection
	GlobalSection(SolutionProperties) = preSolution
		HideSolutionNode = FALSE
	EndGlobalSection
	GlobalSection(ExtensibilityGlobals) = postSolution
		SolutionGuid = {A6C560E8-E4EA-46E0-9189-8D9707EB2DAC}
	EndGlobalSection
EndGlobal
